
Microsoft Visual Studio Solution File, Format Version 12.00
# Visual Studio 15
VisualStudioVersion = 15.0.28010.2041
MinimumVisualStudioVersion = 10.0.40219.1
Project("{FAE04EC0-301F-11D3-BF4B-00C04F79EFBC}") = "OpenMMO-Server", "OpenMMO-Server.csproj", "{650566A6-00F3-46C4-ADDC-6A6100797490}"
EndProject
Global
	GlobalSection(SolutionConfigurationPlatforms) = preSolution
		Debug|Any CPU = Debug|Any CPU
		Debug|x86 = Debug|x86
		Release|Any CPU = Release|Any CPU
		Release|x86 = Release|x86
	EndGlobalSection
	GlobalSection(ProjectConfigurationPlatforms) = postSolution
		{650566A6-00F3-46C4-ADDC-6A6100797490}.Debug|Any CPU.ActiveCfg = Debug|x86
		{650566A6-00F3-46C4-ADDC-6A6100797490}.Debug|x86.ActiveCfg = Debug|x86
		{650566A6-00F3-46C4-ADDC-6A6100797490}.Debug|x86.Build.0 = Debug|x86
		{650566A6-00F3-46C4-ADDC-6A6100797490}.Release|Any CPU.ActiveCfg = Release|x86
		{650566A6-00F3-46C4-ADDC-6A6100797490}.Release|x86.ActiveCfg = Release|x86
		{650566A6-00F3-46C4-ADDC-6A6100797490}.Release|x86.Build.0 = Release|x86
	EndGlobalSection
	GlobalSection(SolutionProperties) = preSolution
		HideSolutionNode = FALSE
	EndGlobalSection
	GlobalSection(ExtensibilityGlobals) = postSolution
		SolutionGuid = {77D6FDC3-0A06-471A-97BE-F5FF868A74EB}
	EndGlobalSection
EndGlobal
